
Microsoft Visual Studio Solution File, Format Version 12.00
# Visual Studio Version 17
VisualStudioVersion = 17.5.33424.131
MinimumVisualStudioVersion = 10.0.40219.1
Project("{FAE04EC0-301F-11D3-BF4B-00C04F79EFBC}") = "TaskAspNet", "TaskAspNet.csproj", "{2535C176-2158-4424-A7D6-010DF30E84DC}"
EndProject
Global
	GlobalSection(SolutionConfigurationPlatforms) = preSolution
		Debug|Any CPU = Debug|Any CPU
		Release|Any CPU = Release|Any CPU
	EndGlobalSection
	GlobalSection(ProjectConfigurationPlatforms) = postSolution
		{2535C176-2158-4424-A7D6-010DF30E84DC}.Debug|Any CPU.ActiveCfg = Debug|Any CPU
		{2535C176-2158-4424-A7D6-010DF30E84DC}.Debug|Any CPU.Build.0 = Debug|Any CPU
		{2535C176-2158-4424-A7D6-010DF30E84DC}.Release|Any CPU.ActiveCfg = Release|Any CPU
		{2535C176-2158-4424-A7D6-010DF30E84DC}.Release|Any CPU.Build.0 = Release|Any CPU
	EndGlobalSection
	GlobalSection(SolutionProperties) = preSolution
		HideSolutionNode = FALSE
	EndGlobalSection
	GlobalSection(ExtensibilityGlobals) = postSolution
		SolutionGuid = {65E3425D-C462-4B7E-9F25-10A63C47D621}
	EndGlobalSection
EndGlobal
