
Microsoft Visual Studio Solution File, Format Version 12.00
# Visual Studio Version 17
VisualStudioVersion = 17.5.33424.131
MinimumVisualStudioVersion = 10.0.40219.1
Project("{FAE04EC0-301F-11D3-BF4B-00C04F79EFBC}") = "TaskFileDirectorySerializer", "TaskFileDirectorySerializer.csproj", "{99E4BD07-D31E-42F7-847E-A3CAE7F7C958}"
EndProject
Global
	GlobalSection(SolutionConfigurationPlatforms) = preSolution
		Debug|Any CPU = Debug|Any CPU
		Release|Any CPU = Release|Any CPU
	EndGlobalSection
	GlobalSection(ProjectConfigurationPlatforms) = postSolution
		{99E4BD07-D31E-42F7-847E-A3CAE7F7C958}.Debug|Any CPU.ActiveCfg = Debug|Any CPU
		{99E4BD07-D31E-42F7-847E-A3CAE7F7C958}.Debug|Any CPU.Build.0 = Debug|Any CPU
		{99E4BD07-D31E-42F7-847E-A3CAE7F7C958}.Release|Any CPU.ActiveCfg = Release|Any CPU
		{99E4BD07-D31E-42F7-847E-A3CAE7F7C958}.Release|Any CPU.Build.0 = Release|Any CPU
	EndGlobalSection
	GlobalSection(SolutionProperties) = preSolution
		HideSolutionNode = FALSE
	EndGlobalSection
	GlobalSection(ExtensibilityGlobals) = postSolution
		SolutionGuid = {F23D3B5F-22D5-4203-B2AE-2EF4988CDA15}
	EndGlobalSection
EndGlobal
